Microsoft Visual Studio Solution File, Format Version 12.00
# Visual Studio Version 17
VisualStudioVersion = 17.0.31903.59
MinimumVisualStudioVersion = 10.0.40219.1
Project("{9A19103F-16F7-4668-BE54-9A1E7A4F7556}") = "GraphQLSourceGen.Tests", "GraphQLSourceGen.Tests\GraphQLSourceGen.Tests.csproj", "{A1B2C3D4-E5F6-7A8B-9C0D-E1F2A3B4C5D6}"
EndProject
Project("{FAE04EC0-301F-11D3-BF4B-00C04F79EFBC}") = "GraphQLSourceGen", "GraphQLSourceGen\GraphQLSourceGen.csproj", "{3517AEAF-A318-D15F-A9CC-DDF3639CC089}"
EndProject
Project("{FAE04EC0-301F-11D3-BF4B-00C04F79EFBC}") = "GraphQLSourceGen.Samples", "samples\GraphQLSourceGen.Samples\GraphQLSourceGen.Samples.csproj", "{B4C5D6E7-F8A9-0B1C-2D3E-4F5A6B7C8D9E}"
EndProject
Global
	GlobalSection(SolutionConfigurationPlatforms) = preSolution
		Debug|Any CPU = Debug|Any CPU
		Release|Any CPU = Release|Any CPU
	EndGlobalSection
	GlobalSection(ProjectConfigurationPlatforms) = postSolution
		{A1B2C3D4-E5F6-7A8B-9C0D-E1F2A3B4C5D6}.Debug|Any CPU.ActiveCfg = Debug|Any CPU
		{A1B2C3D4-E5F6-7A8B-9C0D-E1F2A3B4C5D6}.Debug|Any CPU.Build.0 = Debug|Any CPU
		{A1B2C3D4-E5F6-7A8B-9C0D-E1F2A3B4C5D6}.Release|Any CPU.ActiveCfg = Release|Any CPU
		{A1B2C3D4-E5F6-7A8B-9C0D-E1F2A3B4C5D6}.Release|Any CPU.Build.0 = Release|Any CPU
		{3517AEAF-A318-D15F-A9CC-DDF3639CC089}.Debug|Any CPU.ActiveCfg = Debug|Any CPU
		{3517AEAF-A318-D15F-A9CC-DDF3639CC089}.Debug|Any CPU.Build.0 = Debug|Any CPU
		{3517AEAF-A318-D15F-A9CC-DDF3639CC089}.Release|Any CPU.ActiveCfg = Release|Any CPU
		{3517AEAF-A318-D15F-A9CC-DDF3639CC089}.Release|Any CPU.Build.0 = Release|Any CPU
		{B4C5D6E7-F8A9-0B1C-2D3E-4F5A6B7C8D9E}.Debug|Any CPU.ActiveCfg = Debug|Any CPU
		{B4C5D6E7-F8A9-0B1C-2D3E-4F5A6B7C8D9E}.Debug|Any CPU.Build.0 = Debug|Any CPU
		{B4C5D6E7-F8A9-0B1C-2D3E-4F5A6B7C8D9E}.Release|Any CPU.ActiveCfg = Release|Any CPU
		{B4C5D6E7-F8A9-0B1C-2D3E-4F5A6B7C8D9E}.Release|Any CPU.Build.0 = Release|Any CPU
	EndGlobalSection
	GlobalSection(SolutionProperties) = preSolution
		HideSolutionNode = FALSE
	EndGlobalSection
	GlobalSection(ExtensibilityGlobals) = postSolution
		SolutionGuid = {F1E2D3C4-B5A6-47C8-9D0E-1F2A3B4C5D6}
	EndGlobalSection
EndGlobal
